// !$*UTF8*$!
{
	archiveVersion = 1;
	classes = {
	};
	objectVersion = 55;
	objects = {

/* Begin PBXBuildFile section */
		2C067617285A7E9A004EBDFC /* AppDelegate.swift in Sources */ = {isa = PBXBuildFile; fileRef = 2C067616285A7E9A004EBDFC /* AppDelegate.swift */; };
		2C067619285A7E9A004EBDFC /* SceneDelegate.swift in Sources */ = {isa = PBXBuildFile; fileRef = 2C067618285A7E9A004EBDFC /* SceneDelegate.swift */; };
		2C06761B285A7E9A004EBDFC /* ViewController.swift in Sources */ = {isa = PBXBuildFile; fileRef = 2C06761A285A7E9A004EBDFC /* ViewController.swift */; };
		2C067620285A7EA4004EBDFC /* Assets.xcassets in Resources */ = {isa = PBXBuildFile; fileRef = 2C06761F285A7EA4004EBDFC /* Assets.xcassets */; };
		2C067623285A7EA4004EBDFC /* LaunchScreen.storyboard in Resources */ = {isa = PBXBuildFile; fileRef = 2C067621285A7EA4004EBDFC /* LaunchScreen.storyboard */; };
		2C067632285A81D6004EBDFC /* ProfilePresenter.swift in Sources */ = {isa = PBXBuildFile; fileRef = 2C06762C285A81D6004EBDFC /* ProfilePresenter.swift */; };
		2C067633285A81D6004EBDFC /* ProfileRouter.swift in Sources */ = {isa = PBXBuildFile; fileRef = 2C06762D285A81D6004EBDFC /* ProfileRouter.swift */; };
		2C067634285A81D6004EBDFC /* ProfileViewController.swift in Sources */ = {isa = PBXBuildFile; fileRef = 2C06762E285A81D6004EBDFC /* ProfileViewController.swift */; };
		2C067635285A81D6004EBDFC /* ProfileProtocols.swift in Sources */ = {isa = PBXBuildFile; fileRef = 2C06762F285A81D6004EBDFC /* ProfileProtocols.swift */; };
		2C067636285A81D6004EBDFC /* ProfileInteractor.swift in Sources */ = {isa = PBXBuildFile; fileRef = 2C067630285A81D6004EBDFC /* ProfileInteractor.swift */; };
		2C067637285A81D6004EBDFC /* ProfileContainer.swift in Sources */ = {isa = PBXBuildFile; fileRef = 2C067631285A81D6004EBDFC /* ProfileContainer.swift */; };
		2C06763A285A848C004EBDFC /* SnapKit in Frameworks */ = {isa = PBXBuildFile; productRef = 2C067639285A848C004EBDFC /* SnapKit */; };
		2C06763E285A85DE004EBDFC /* HeaderView.swift in Sources */ = {isa = PBXBuildFile; fileRef = 2C06763D285A85DE004EBDFC /* HeaderView.swift */; };
		2C067642285A8BE4004EBDFC /* Sirius.ttf in Resources */ = {isa = PBXBuildFile; fileRef = 2C067641285A8BE4004EBDFC /* Sirius.ttf */; };
		2C067644285A8C2A004EBDFC /* FontSet.swift in Sources */ = {isa = PBXBuildFile; fileRef = 2C067643285A8C2A004EBDFC /* FontSet.swift */; };
/* End PBXBuildFile section */

/* Begin PBXFileReference section */
		2C067613285A7E9A004EBDFC /* Lori.app */ = {isa = PBXFileReference; explicitFileType = wrapper.application; includeInIndex = 0; path = Lori.app; sourceTree = BUILT_PRODUCTS_DIR; };
		2C067616285A7E9A004EBDFC /* AppDelegate.swift */ = {isa = PBXFileReference; lastKnownFileType = sourcecode.swift; path = AppDelegate.swift; sourceTree = "<group>"; };
		2C067618285A7E9A004EBDFC /* SceneDelegate.swift */ = {isa = PBXFileReference; lastKnownFileType = sourcecode.swift; path = SceneDelegate.swift; sourceTree = "<group>"; };
		2C06761A285A7E9A004EBDFC /* ViewController.swift */ = {isa = PBXFileReference; lastKnownFileType = sourcecode.swift; path = ViewController.swift; sourceTree = "<group>"; };
		2C06761F285A7EA4004EBDFC /* Assets.xcassets */ = {isa = PBXFileReference; lastKnownFileType = folder.assetcatalog; path = Assets.xcassets; sourceTree = "<group>"; };
		2C067622285A7EA4004EBDFC /* Base */ = {isa = PBXFileReference; lastKnownFileType = file.storyboard; name = Base; path = Base.lproj/LaunchScreen.storyboard; sourceTree = "<group>"; };
		2C067624285A7EA4004EBDFC /* Info.plist */ = {isa = PBXFileReference; lastKnownFileType = text.plist.xml; path = Info.plist; sourceTree = "<group>"; };
		2C06762C285A81D6004EBDFC /* ProfilePresenter.swift */ = {isa = PBXFileReference; lastKnownFileType = sourcecode.swift; path = ProfilePresenter.swift; sourceTree = "<group>"; };
		2C06762D285A81D6004EBDFC /* ProfileRouter.swift */ = {isa = PBXFileReference; lastKnownFileType = sourcecode.swift; path = ProfileRouter.swift; sourceTree = "<group>"; };
		2C06762E285A81D6004EBDFC /* ProfileViewController.swift */ = {isa = PBXFileReference; lastKnownFileType = sourcecode.swift; path = ProfileViewController.swift; sourceTree = "<group>"; };
		2C06762F285A81D6004EBDFC /* ProfileProtocols.swift */ = {isa = PBXFileReference; lastKnownFileType = sourcecode.swift; path = ProfileProtocols.swift; sourceTree = "<group>"; };
		2C067630285A81D6004EBDFC /* ProfileInteractor.swift */ = {isa = PBXFileReference; lastKnownFileType = sourcecode.swift; path = ProfileInteractor.swift; sourceTree = "<group>"; };
		2C067631285A81D6004EBDFC /* ProfileContainer.swift */ = {isa = PBXFileReference; lastKnownFileType = sourcecode.swift; path = ProfileContainer.swift; sourceTree = "<group>"; };
		2C06763D285A85DE004EBDFC /* HeaderView.swift */ = {isa = PBXFileReference; lastKnownFileType = sourcecode.swift; path = HeaderView.swift; sourceTree = "<group>"; };
		2C067641285A8BE4004EBDFC /* Sirius.ttf */ = {isa = PBXFileReference; lastKnownFileType = file; path = Sirius.ttf; sourceTree = "<group>"; };
		2C067643285A8C2A004EBDFC /* FontSet.swift */ = {isa = PBXFileReference; lastKnownFileType = sourcecode.swift; path = FontSet.swift; sourceTree = "<group>"; };
/* End PBXFileReference section */

/* Begin PBXFrameworksBuildPhase section */
		2C067610285A7E9A004EBDFC /* Frameworks */ = {
			isa = PBXFrameworksBuildPhase;
			buildActionMask = 2147483647;
			files = (
				2C06763A285A848C004EBDFC /* SnapKit in Frameworks */,
			);
			runOnlyForDeploymentPostprocessing = 0;
		};
/* End PBXFrameworksBuildPhase section */

/* Begin PBXGroup section */
		2C06760A285A7E99004EBDFC = {
			isa = PBXGroup;
			children = (
				2C067615285A7E9A004EBDFC /* Lori */,
				2C067614285A7E9A004EBDFC /* Products */,
			);
			sourceTree = "<group>";
		};
		2C067614285A7E9A004EBDFC /* Products */ = {
			isa = PBXGroup;
			children = (
				2C067613285A7E9A004EBDFC /* Lori.app */,
			);
			name = Products;
			sourceTree = "<group>";
		};
		2C067615285A7E9A004EBDFC /* Lori */ = {
			isa = PBXGroup;
			children = (
				2C06763F285A8B89004EBDFC /* Fonts */,
				2C06762B285A80AD004EBDFC /* Profile */,
				2C06762A285A7F33004EBDFC /* SupportingFiles */,
				2C06761A285A7E9A004EBDFC /* ViewController.swift */,
			);
			path = Lori;
			sourceTree = "<group>";
		};
		2C06762A285A7F33004EBDFC /* SupportingFiles */ = {
			isa = PBXGroup;
			children = (
				2C067624285A7EA4004EBDFC /* Info.plist */,
				2C067616285A7E9A004EBDFC /* AppDelegate.swift */,
				2C067618285A7E9A004EBDFC /* SceneDelegate.swift */,
				2C067621285A7EA4004EBDFC /* LaunchScreen.storyboard */,
				2C06761F285A7EA4004EBDFC /* Assets.xcassets */,
			);
			path = SupportingFiles;
			sourceTree = "<group>";
		};
		2C06762B285A80AD004EBDFC /* Profile */ = {
			isa = PBXGroup;
			children = (
				2C06763B285A85C4004EBDFC /* Subviews */,
				2C06762C285A81D6004EBDFC /* ProfilePresenter.swift */,
				2C06762D285A81D6004EBDFC /* ProfileRouter.swift */,
				2C06762E285A81D6004EBDFC /* ProfileViewController.swift */,
				2C06762F285A81D6004EBDFC /* ProfileProtocols.swift */,
				2C067630285A81D6004EBDFC /* ProfileInteractor.swift */,
				2C067631285A81D6004EBDFC /* ProfileContainer.swift */,
			);
			path = Profile;
			sourceTree = "<group>";
		};
		2C06763B285A85C4004EBDFC /* Subviews */ = {
			isa = PBXGroup;
			children = (
				2C06763C285A85CD004EBDFC /* Header */,
			);
			path = Subviews;
			sourceTree = "<group>";
		};
		2C06763C285A85CD004EBDFC /* Header */ = {
			isa = PBXGroup;
			children = (
				2C06763D285A85DE004EBDFC /* HeaderView.swift */,
			);
			path = Header;
			sourceTree = "<group>";
		};
		2C06763F285A8B89004EBDFC /* Fonts */ = {
			isa = PBXGroup;
			children = (
				2C067640285A8B91004EBDFC /* Sources */,
				2C067643285A8C2A004EBDFC /* FontSet.swift */,
			);
			path = Fonts;
			sourceTree = "<group>";
		};
		2C067640285A8B91004EBDFC /* Sources */ = {
			isa = PBXGroup;
			children = (
				2C067641285A8BE4004EBDFC /* Sirius.ttf */,
			);
			path = Sources;
			sourceTree = "<group>";
		};
/* End PBXGroup section */

/* Begin PBXNativeTarget section */
		2C067612285A7E9A004EBDFC /* Lori */ = {
			isa = PBXNativeTarget;
			buildConfigurationList = 2C067627285A7EA4004EBDFC /* Build configuration list for PBXNativeTarget "Lori" */;
			buildPhases = (
				2C06760F285A7E9A004EBDFC /* Sources */,
				2C067610285A7E9A004EBDFC /* Frameworks */,
				2C067611285A7E9A004EBDFC /* Resources */,
			);
			buildRules = (
			);
			dependencies = (
			);
			name = Lori;
			packageProductDependencies = (
				2C067639285A848C004EBDFC /* SnapKit */,
			);
			productName = Lori;
			productReference = 2C067613285A7E9A004EBDFC /* Lori.app */;
			productType = "com.apple.product-type.application";
		};
/* End PBXNativeTarget section */

/* Begin PBXProject section */
		2C06760B285A7E9A004EBDFC /* Project object */ = {
			isa = PBXProject;
			attributes = {
				BuildIndependentTargetsInParallel = 1;
				LastSwiftUpdateCheck = 1320;
				LastUpgradeCheck = 1320;
				TargetAttributes = {
					2C067612285A7E9A004EBDFC = {
						CreatedOnToolsVersion = 13.2.1;
					};
				};
			};
			buildConfigurationList = 2C06760E285A7E9A004EBDFC /* Build configuration list for PBXProject "Lori" */;
			compatibilityVersion = "Xcode 13.0";
			developmentRegion = en;
			hasScannedForEncodings = 0;
			knownRegions = (
				en,
				Base,
			);
			mainGroup = 2C06760A285A7E99004EBDFC;
			packageReferences = (
				2C067638285A848C004EBDFC /* XCRemoteSwiftPackageReference "SnapKit" */,
			);
			productRefGroup = 2C067614285A7E9A004EBDFC /* Products */;
			projectDirPath = "";
			projectRoot = "";
			targets = (
				2C067612285A7E9A004EBDFC /* Lori */,
			);
		};
/* End PBXProject section */

/* Begin PBXResourcesBuildPhase section */
		2C067611285A7E9A004EBDFC /* Resources */ = {
			isa = PBXResourcesBuildPhase;
			buildActionMask = 2147483647;
			files = (
				2C067623285A7EA4004EBDFC /* LaunchScreen.storyboard in Resources */,
				2C067620285A7EA4004EBDFC /* Assets.xcassets in Resources */,
				2C067642285A8BE4004EBDFC /* Sirius.ttf in Resources */,
			);
			runOnlyForDeploymentPostprocessing = 0;
		};
/* End PBXResourcesBuildPhase section */

/* Begin PBXSourcesBuildPhase section */
		2C06760F285A7E9A004EBDFC /* Sources */ = {
			isa = PBXSourcesBuildPhase;
			buildActionMask = 2147483647;
			files = (
				2C067634285A81D6004EBDFC /* ProfileViewController.swift in Sources */,
				2C06761B285A7E9A004EBDFC /* ViewController.swift in Sources */,
				2C067617285A7E9A004EBDFC /* AppDelegate.swift in Sources */,
				2C067632285A81D6004EBDFC /* ProfilePresenter.swift in Sources */,
				2C067644285A8C2A004EBDFC /* FontSet.swift in Sources */,
				2C067619285A7E9A004EBDFC /* SceneDelegate.swift in Sources */,
				2C06763E285A85DE004EBDFC /* HeaderView.swift in Sources */,
				2C067633285A81D6004EBDFC /* ProfileRouter.swift in Sources */,
				2C067636285A81D6004EBDFC /* ProfileInteractor.swift in Sources */,
				2C067635285A81D6004EBDFC /* ProfileProtocols.swift in Sources */,
				2C067637285A81D6004EBDFC /* ProfileContainer.swift in Sources */,
			);
			runOnlyForDeploymentPostprocessing = 0;
		};
/* End PBXSourcesBuildPhase section */

/* Begin PBXVariantGroup section */
		2C067621285A7EA4004EBDFC /* LaunchScreen.storyboard */ = {
			isa = PBXVariantGroup;
			children = (
				2C067622285A7EA4004EBDFC /* Base */,
			);
			name = LaunchScreen.storyboard;
			sourceTree = "<group>";
		};
/* End PBXVariantGroup section */

/* Begin XCBuildConfiguration section */
		2C067625285A7EA4004EBDFC /* Debug */ = {
			isa = XCBuildConfiguration;
			buildSettings = {
				ALWAYS_SEARCH_USER_PATHS = NO;
				CLANG_ANALYZER_NONNULL = YES;
				CLANG_ANALYZER_NUMBER_OBJECT_CONVERSION = YES_AGGRESSIVE;
				CLANG_CXX_LANGUAGE_STANDARD = "gnu++17";
				CLANG_CXX_LIBRARY = "libc++";
				CLANG_ENABLE_MODULES = YES;
				CLANG_ENABLE_OBJC_ARC = YES;
				CLANG_ENABLE_OBJC_WEAK = YES;
				CLANG_WARN_BLOCK_CAPTURE_AUTORELEASING = YES;
				CLANG_WARN_BOOL_CONVERSION = YES;
				CLANG_WARN_COMMA = YES;
				CLANG_WARN_CONSTANT_CONVERSION = YES;
				CLANG_WARN_DEPRECATED_OBJC_IMPLEMENTATIONS = YES;
				CLANG_WARN_DIRECT_OBJC_ISA_USAGE = YES_ERROR;
				CLANG_WARN_DOCUMENTATION_COMMENTS = YES;
				CLANG_WARN_EMPTY_BODY = YES;
				CLANG_WARN_ENUM_CONVERSION = YES;
				CLANG_WARN_INFINITE_RECURSION = YES;
				CLANG_WARN_INT_CONVERSION = YES;
				CLANG_WARN_NON_LITERAL_NULL_CONVERSION = YES;
				CLANG_WARN_OBJC_IMPLICIT_RETAIN_SELF = YES;
				CLANG_WARN_OBJC_LITERAL_CONVERSION = YES;
				CLANG_WARN_OBJC_ROOT_CLASS = YES_ERROR;
				CLANG_WARN_QUOTED_INCLUDE_IN_FRAMEWORK_HEADER = YES;
				CLANG_WARN_RANGE_LOOP_ANALYSIS = YES;
				CLANG_WARN_STRICT_PROTOTYPES = YES;
				CLANG_WARN_SUSPICIOUS_MOVE = YES;
				CLANG_WARN_UNGUARDED_AVAILABILITY = YES_AGGRESSIVE;
				CLANG_WARN_UNREACHABLE_CODE = YES;
				CLANG_WARN__DUPLICATE_METHOD_MATCH = YES;
				COPY_PHASE_STRIP = NO;
				DEBUG_INFORMATION_FORMAT = dwarf;
				ENABLE_STRICT_OBJC_MSGSEND = YES;
				ENABLE_TESTABILITY = YES;
				GCC_C_LANGUAGE_STANDARD = gnu11;
				GCC_DYNAMIC_NO_PIC = NO;
				GCC_NO_COMMON_BLOCKS = YES;
				GCC_OPTIMIZATION_LEVEL = 0;
				GCC_PREPROCESSOR_DEFINITIONS = (
					"DEBUG=1",
					"$(inherited)",
				);
				GCC_WARN_64_TO_32_BIT_CONVERSION = YES;
				GCC_WARN_ABOUT_RETURN_TYPE = YES_ERROR;
				GCC_WARN_UNDECLARED_SELECTOR = YES;
				GCC_WARN_UNINITIALIZED_AUTOS = YES_AGGRESSIVE;
				GCC_WARN_UNUSED_FUNCTION = YES;
				GCC_WARN_UNUSED_VARIABLE = YES;
				IPHONEOS_DEPLOYMENT_TARGET = 15.2;
				MTL_ENABLE_DEBUG_INFO = INCLUDE_SOURCE;
				MTL_FAST_MATH = YES;
				ONLY_ACTIVE_ARCH = YES;
				SDKROOT = iphoneos;
				SWIFT_ACTIVE_COMPILATION_CONDITIONS = DEBUG;
				SWIFT_OPTIMIZATION_LEVEL = "-Onone";
			};
			name = Debug;
		};
		2C067626285A7EA4004EBDFC /* Release */ = {
			isa = XCBuildConfiguration;
			buildSettings = {
				ALWAYS_SEARCH_USER_PATHS = NO;
				CLANG_ANALYZER_NONNULL = YES;
				CLANG_ANALYZER_NUMBER_OBJECT_CONVERSION = YES_AGGRESSIVE;
				CLANG_CXX_LANGUAGE_STANDARD = "gnu++17";
				CLANG_CXX_LIBRARY = "libc++";
				CLANG_ENABLE_MODULES = YES;
				CLANG_ENABLE_OBJC_ARC = YES;
				CLANG_ENABLE_OBJC_WEAK = YES;
				CLANG_WARN_BLOCK_CAPTURE_AUTORELEASING = YES;
				CLANG_WARN_BOOL_CONVERSION = YES;
				CLANG_WARN_COMMA = YES;
				CLANG_WARN_CONSTANT_CONVERSION = YES;
				CLANG_WARN_DEPRECATED_OBJC_IMPLEMENTATIONS = YES;
				CLANG_WARN_DIRECT_OBJC_ISA_USAGE = YES_ERROR;
				CLANG_WARN_DOCUMENTATION_COMMENTS = YES;
				CLANG_WARN_EMPTY_BODY = YES;
				CLANG_WARN_ENUM_CONVERSION = YES;
				CLANG_WARN_INFINITE_RECURSION = YES;
				CLANG_WARN_INT_CONVERSION = YES;
				CLANG_WARN_NON_LITERAL_NULL_CONVERSION = YES;
				CLANG_WARN_OBJC_IMPLICIT_RETAIN_SELF = YES;
				CLANG_WARN_OBJC_LITERAL_CONVERSION = YES;
				CLANG_WARN_OBJC_ROOT_CLASS = YES_ERROR;
				CLANG_WARN_QUOTED_INCLUDE_IN_FRAMEWORK_HEADER = YES;
				CLANG_WARN_RANGE_LOOP_ANALYSIS = YES;
				CLANG_WARN_STRICT_PROTOTYPES = YES;
				CLANG_WARN_SUSPICIOUS_MOVE = YES;
				CLANG_WARN_UNGUARDED_AVAILABILITY = YES_AGGRESSIVE;
				CLANG_WARN_UNREACHABLE_CODE = YES;
				CLANG_WARN__DUPLICATE_METHOD_MATCH = YES;
				COPY_PHASE_STRIP = NO;
				DEBUG_INFORMATION_FORMAT = "dwarf-with-dsym";
				ENABLE_NS_ASSERTIONS = NO;
				ENABLE_STRICT_OBJC_MSGSEND = YES;
				GCC_C_LANGUAGE_STANDARD = gnu11;
				GCC_NO_COMMON_BLOCKS = YES;
				GCC_WARN_64_TO_32_BIT_CONVERSION = YES;
				GCC_WARN_ABOUT_RETURN_TYPE = YES_ERROR;
				GCC_WARN_UNDECLARED_SELECTOR = YES;
				GCC_WARN_UNINITIALIZED_AUTOS = YES_AGGRESSIVE;
				GCC_WARN_UNUSED_FUNCTION = YES;
				GCC_WARN_UNUSED_VARIABLE = YES;
				IPHONEOS_DEPLOYMENT_TARGET = 15.2;
				MTL_ENABLE_DEBUG_INFO = NO;
				MTL_FAST_MATH = YES;
				SDKROOT = iphoneos;
				SWIFT_COMPILATION_MODE = wholemodule;
				SWIFT_OPTIMIZATION_LEVEL = "-O";
				VALIDATE_PRODUCT = YES;
			};
			name = Release;
		};
		2C067628285A7EA4004EBDFC /* Debug */ = {
			isa = XCBuildConfiguration;
			buildSettings = {
				ASSETCATALOG_COMPILER_APPICON_NAME = AppIcon;
				ASSETCATALOG_COMPILER_GLOBAL_ACCENT_COLOR_NAME = AccentColor;
				CODE_SIGN_STYLE = Automatic;
				CURRENT_PROJECT_VERSION = 1;
				DEVELOPMENT_TEAM = G42X5ZY7A9;
				GENERATE_INFOPLIST_FILE = YES;
				INFOPLIST_FILE = Lori/SupportingFiles/Info.plist;
				INFOPLIST_KEY_UIApplicationSupportsIndirectInputEvents = YES;
				INFOPLIST_KEY_UILaunchStoryboardName = LaunchScreen;
				INFOPLIST_KEY_UISupportedInterfaceOrientations = UIInterfaceOrientationPortrait;
				INFOPLIST_KEY_UISupportedInterfaceOrientations_iPad = "UIInterfaceOrientationPortrait UIInterfaceOrientationPortraitUpsideDown UIInterfaceOrientationLandscapeLeft UIInterfaceOrientationLandscapeRight";
				INFOPLIST_KEY_UISupportedInterfaceOrientations_iPhone = "UIInterfaceOrientationPortrait UIInterfaceOrientationLandscapeLeft UIInterfaceOrientationLandscapeRight";
				LD_RUNPATH_SEARCH_PATHS = (
					"$(inherited)",
					"@executable_path/Frameworks",
				);
				MARKETING_VERSION = 1.0;
				PRODUCT_BUNDLE_IDENTIFIER = PDS.Inc.Lori;
				PRODUCT_NAME = "$(TARGET_NAME)";
				SWIFT_EMIT_LOC_STRINGS = YES;
				SWIFT_VERSION = 5.0;
				TARGETED_DEVICE_FAMILY = 1;
			};
			name = Debug;
		};
		2C067629285A7EA4004EBDFC /* Release */ = {
			isa = XCBuildConfiguration;
			buildSettings = {
				ASSETCATALOG_COMPILER_APPICON_NAME = AppIcon;
				ASSETCATALOG_COMPILER_GLOBAL_ACCENT_COLOR_NAME = AccentColor;
				CODE_SIGN_STYLE = Automatic;
				CURRENT_PROJECT_VERSION = 1;
				DEVELOPMENT_TEAM = G42X5ZY7A9;
				GENERATE_INFOPLIST_FILE = YES;
				INFOPLIST_FILE = Lori/SupportingFiles/Info.plist;
				INFOPLIST_KEY_UIApplicationSupportsIndirectInputEvents = YES;
				INFOPLIST_KEY_UILaunchStoryboardName = LaunchScreen;
				INFOPLIST_KEY_UISupportedInterfaceOrientations = UIInterfaceOrientationPortrait;
				INFOPLIST_KEY_UISupportedInterfaceOrientations_iPad = "UIInterfaceOrientationPortrait UIInterfaceOrientationPortraitUpsideDown UIInterfaceOrientationLandscapeLeft UIInterfaceOrientationLandscapeRight";
				INFOPLIST_KEY_UISupportedInterfaceOrientations_iPhone = "UIInterfaceOrientationPortrait UIInterfaceOrientationLandscapeLeft UIInterfaceOrientationLandscapeRight";
				LD_RUNPATH_SEARCH_PATHS = (
					"$(inherited)",
					"@executable_path/Frameworks",
				);
				MARKETING_VERSION = 1.0;
				PRODUCT_BUNDLE_IDENTIFIER = PDS.Inc.Lori;
				PRODUCT_NAME = "$(TARGET_NAME)";
				SWIFT_EMIT_LOC_STRINGS = YES;
				SWIFT_VERSION = 5.0;
				TARGETED_DEVICE_FAMILY = 1;
			};
			name = Release;
		};
/* End XCBuildConfiguration section */

/* Begin XCConfigurationList section */
		2C06760E285A7E9A004EBDFC /* Build configuration list for PBXProject "Lori" */ = {
			isa = XCConfigurationList;
			buildConfigurations = (
				2C067625285A7EA4004EBDFC /* Debug */,
				2C067626285A7EA4004EBDFC /* Release */,
			);
			defaultConfigurationIsVisible = 0;
			defaultConfigurationName = Release;
		};
		2C067627285A7EA4004EBDFC /* Build configuration list for PBXNativeTarget "Lori" */ = {
			isa = XCConfigurationList;
			buildConfigurations = (
				2C067628285A7EA4004EBDFC /* Debug */,
				2C067629285A7EA4004EBDFC /* Release */,
			);
			defaultConfigurationIsVisible = 0;
			defaultConfigurationName = Release;
		};
/* End XCConfigurationList section */

/* Begin XCRemoteSwiftPackageReference section */
		2C067638285A848C004EBDFC /* XCRemoteSwiftPackageReference "SnapKit" */ = {
			isa = XCRemoteSwiftPackageReference;
			repositoryURL = "https://github.com/SnapKit/SnapKit";
			requirement = {
				branch = develop;
				kind = branch;
			};
		};
/* End XCRemoteSwiftPackageReference section */

/* Begin XCSwiftPackageProductDependency section */
		2C067639285A848C004EBDFC /* SnapKit */ = {
			isa = XCSwiftPackageProductDependency;
			package = 2C067638285A848C004EBDFC /* XCRemoteSwiftPackageReference "SnapKit" */;
			productName = SnapKit;
		};
/* End XCSwiftPackageProductDependency section */
	};
	rootObject = 2C06760B285A7E9A004EBDFC /* Project object */;
}
